
Microsoft Visual Studio Solution File, Format Version 12.00
# Visual Studio 2012
Project("{FAE04EC0-301F-11D3-BF4B-00C04F79EFBC}") = "BobProject", "BobProject\BobProject.csproj", "{D8200775-6457-4C2F-9000-3483AFA6DEC9}"
EndProject
Project("{FAE04EC0-301F-11D3-BF4B-00C04F79EFBC}") = "BL", "BL\BL.csproj", "{BEF718E3-95F2-4A2B-9FF9-E27A1F736D86}"
EndProject
Project("{FAE04EC0-301F-11D3-BF4B-00C04F79EFBC}") = "DAL", "DAL\DAL.csproj", "{28966EE4-CA21-4620-AFC6-BD0CA168F68D}"
EndProject
Project("{FAE04EC0-301F-11D3-BF4B-00C04F79EFBC}") = "LogicTesting", "LogicTesting\LogicTesting.csproj", "{49E25D41-9499-4039-BEF4-DE147F421551}"
EndProject
Global
	GlobalSection(SolutionConfigurationPlatforms) = preSolution
		Debug|Any CPU = Debug|Any CPU
		Release|Any CPU = Release|Any CPU
	EndGlobalSection
	GlobalSection(ProjectConfigurationPlatforms) = postSolution
		{D8200775-6457-4C2F-9000-3483AFA6DEC9}.Debug|Any CPU.ActiveCfg = Debug|Any CPU
		{D8200775-6457-4C2F-9000-3483AFA6DEC9}.Debug|Any CPU.Build.0 = Debug|Any CPU
		{D8200775-6457-4C2F-9000-3483AFA6DEC9}.Release|Any CPU.ActiveCfg = Release|Any CPU
		{D8200775-6457-4C2F-9000-3483AFA6DEC9}.Release|Any CPU.Build.0 = Release|Any CPU
		{BEF718E3-95F2-4A2B-9FF9-E27A1F736D86}.Debug|Any CPU.ActiveCfg = Debug|Any CPU
		{BEF718E3-95F2-4A2B-9FF9-E27A1F736D86}.Debug|Any CPU.Build.0 = Debug|Any CPU
		{BEF718E3-95F2-4A2B-9FF9-E27A1F736D86}.Release|Any CPU.ActiveCfg = Release|Any CPU
		{BEF718E3-95F2-4A2B-9FF9-E27A1F736D86}.Release|Any CPU.Build.0 = Release|Any CPU
		{28966EE4-CA21-4620-AFC6-BD0CA168F68D}.Debug|Any CPU.ActiveCfg = Debug|Any CPU
		{28966EE4-CA21-4620-AFC6-BD0CA168F68D}.Debug|Any CPU.Build.0 = Debug|Any CPU
		{28966EE4-CA21-4620-AFC6-BD0CA168F68D}.Release|Any CPU.ActiveCfg = Release|Any CPU
		{28966EE4-CA21-4620-AFC6-BD0CA168F68D}.Release|Any CPU.Build.0 = Release|Any CPU
		{49E25D41-9499-4039-BEF4-DE147F421551}.Debug|Any CPU.ActiveCfg = Debug|Any CPU
		{49E25D41-9499-4039-BEF4-DE147F421551}.Debug|Any CPU.Build.0 = Debug|Any CPU
		{49E25D41-9499-4039-BEF4-DE147F421551}.Release|Any CPU.ActiveCfg = Release|Any CPU
		{49E25D41-9499-4039-BEF4-DE147F421551}.Release|Any CPU.Build.0 = Release|Any CPU
	EndGlobalSection
	GlobalSection(SolutionProperties) = preSolution
		HideSolutionNode = FALSE
	EndGlobalSection
EndGlobal
